
Microsoft Visual Studio Solution File, Format Version 12.00
# Visual Studio 15
VisualStudioVersion = 15.0.27703.2035
MinimumVisualStudioVersion = 10.0.40219.1
Project("{FAE04EC0-301F-11D3-BF4B-00C04F79EFBC}") = "FruitLoops", "FruitLoops\FruitLoops.csproj", "{6796639D-74BC-40F2-85DC-9369F562DFA6}"
EndProject
Global
	GlobalSection(SolutionConfigurationPlatforms) = preSolution
		Debug|Any CPU = Debug|Any CPU
		Release|Any CPU = Release|Any CPU
	EndGlobalSection
	GlobalSection(ProjectConfigurationPlatforms) = postSolution
		{6796639D-74BC-40F2-85DC-9369F562DFA6}.Debug|Any CPU.ActiveCfg = Debug|Any CPU
		{6796639D-74BC-40F2-85DC-9369F562DFA6}.Debug|Any CPU.Build.0 = Debug|Any CPU
		{6796639D-74BC-40F2-85DC-9369F562DFA6}.Release|Any CPU.ActiveCfg = Release|Any CPU
		{6796639D-74BC-40F2-85DC-9369F562DFA6}.Release|Any CPU.Build.0 = Release|Any CPU
	EndGlobalSection
	GlobalSection(SolutionProperties) = preSolution
		HideSolutionNode = FALSE
	EndGlobalSection
	GlobalSection(ExtensibilityGlobals) = postSolution
		SolutionGuid = {F000E3C1-4D5E-4F90-A69B-A3E75068C716}
	EndGlobalSection
EndGlobal
